
Microsoft Visual Studio Solution File, Format Version 12.00
# Visual Studio Version 16
VisualStudioVersion = 16.0.32802.440
MinimumVisualStudioVersion = 10.0.40219.1
Project("{9A19103F-16F7-4668-BE54-9A1E7A4F7556}") = "кр задание 1", "Задание 1\кр задание 1.csproj", "{079CED63-423C-4455-B947-3DDC6EF1FA96}"
EndProject
Project("{9A19103F-16F7-4668-BE54-9A1E7A4F7556}") = "кр задание 2", "Задание 2\кр задание 2.csproj", "{F38925FE-EF01-4401-82A6-C4CB5BB0E6C5}"
EndProject
Project("{9A19103F-16F7-4668-BE54-9A1E7A4F7556}") = "дз задание 1", "Решаю\дз задание 1.csproj", "{C5C31925-8076-4E3B-A727-0F843028FADF}"
EndProject
Project("{9A19103F-16F7-4668-BE54-9A1E7A4F7556}") = "дз задание 2", "дз задание 2\дз задание 2.csproj", "{CB4CD8A4-21E7-4A82-AE91-2BC5006A81C9}"
EndProject
Project("{9A19103F-16F7-4668-BE54-9A1E7A4F7556}") = "дз задание 3", "дз задание 3\дз задание 3.csproj", "{4BCD289C-6805-433E-8454-A6F10E6ADDBA}"
EndProject
Project("{9A19103F-16F7-4668-BE54-9A1E7A4F7556}") = "дз задание 4", "дз задание 4\дз задание 4.csproj", "{E97FE5EB-B36B-48E2-B145-2B037C412BDA}"
EndProject
Project("{9A19103F-16F7-4668-BE54-9A1E7A4F7556}") = "дз задание 5", "дз задание 5\дз задание 5.csproj", "{A3EDB0B4-D793-40D6-8F61-827E7A740D0F}"
EndProject
Project("{9A19103F-16F7-4668-BE54-9A1E7A4F7556}") = "дз задание 6", "дз задание 6\дз задание 6.csproj", "{C3CE248C-59ED-4AD8-8581-A171661E79DD}"
EndProject
Project("{9A19103F-16F7-4668-BE54-9A1E7A4F7556}") = "дз задание 7", "дз задание 7\дз задание 7.csproj", "{9ADEAE9C-2AAB-4607-9294-E61485B5F27B}"
EndProject
Project("{9A19103F-16F7-4668-BE54-9A1E7A4F7556}") = "дз задание 8", "дз задание 8\дз задание 8.csproj", "{22724AD0-4C2E-4F95-B61F-B82F28FF73C5}"
EndProject
Project("{9A19103F-16F7-4668-BE54-9A1E7A4F7556}") = "дз задание 9", "дз здаание 9\дз задание 9.csproj", "{3870D895-0595-42EA-9257-8F38B9557FEF}"
EndProject
Project("{9A19103F-16F7-4668-BE54-9A1E7A4F7556}") = "дз задание 10", "дз задание 10\дз задание 10.csproj", "{894958CD-6335-480B-A2E1-80349ECD34FA}"
EndProject
Project("{9A19103F-16F7-4668-BE54-9A1E7A4F7556}") = "дз задание 11", "дз задание 11\дз задание 11.csproj", "{227020CB-2F87-4C96-8809-168733890F81}"
EndProject
Project("{9A19103F-16F7-4668-BE54-9A1E7A4F7556}") = "дз задание 12", "дз задание 12\дз задание 12.csproj", "{4D47B127-3570-4D80-A2A3-48F1E3ECC15C}"
EndProject
Project("{9A19103F-16F7-4668-BE54-9A1E7A4F7556}") = "дз задание 13", "дз задание 13\дз задание 13.csproj", "{4D41C472-6AA0-48AA-B678-547CBD295EAA}"
EndProject
Project("{9A19103F-16F7-4668-BE54-9A1E7A4F7556}") = "дз задание 14", "дз задание 14\дз задание 14.csproj", "{15425A7D-2598-4DBF-A757-9DA5D61CE1E0}"
EndProject
Project("{9A19103F-16F7-4668-BE54-9A1E7A4F7556}") = "дз задание 15", "дз задание 15\дз задание 15.csproj", "{B0A45C81-2E06-4F5F-ACBA-FBEB34421B73}"
EndProject
Project("{9A19103F-16F7-4668-BE54-9A1E7A4F7556}") = "дз задание 16", "дз задание 16\дз задание 16.csproj", "{BAE2EEA8-8DC4-4B02-8B57-1DB8C780B841}"
EndProject
Project("{9A19103F-16F7-4668-BE54-9A1E7A4F7556}") = "дз задание 17", "дз задание 17\дз задание 17.csproj", "{E9A08DF3-1F74-47EE-B912-06543114AD3C}"
EndProject
Project("{9A19103F-16F7-4668-BE54-9A1E7A4F7556}") = "дз задание 18", "дз задание 18\дз задание 18.csproj", "{90702002-9F4D-45C1-BF80-739F8D652E99}"
EndProject
Project("{9A19103F-16F7-4668-BE54-9A1E7A4F7556}") = "дз задание 19", "дз задание 19\дз задание 19.csproj", "{8FCE85E4-192B-4F11-86AE-ACF76BBD2B83}"
EndProject
Project("{9A19103F-16F7-4668-BE54-9A1E7A4F7556}") = "дз задание 20", "дз задание 20\дз задание 20.csproj", "{A7CA8E29-8B4D-4CC4-8260-555FCCB4C1D5}"
EndProject
Project("{FAE04EC0-301F-11D3-BF4B-00C04F79EFBC}") = "дз задание 21", "дз задание 21\дз задание 21.csproj", "{21D8572A-6722-48B5-B0A7-16C2E29A4CAA}"
EndProject
Project("{FAE04EC0-301F-11D3-BF4B-00C04F79EFBC}") = "дз задание 22", "дз задание 22\дз задание 22.csproj", "{0F3BA1BC-DED2-4134-9869-A7F4E3281FE5}"
EndProject
Project("{FAE04EC0-301F-11D3-BF4B-00C04F79EFBC}") = "дз задание 23", "дз задание 23\дз задание 23.csproj", "{1DE1DAEB-DD2A-409D-926F-92E1B92441C7}"
EndProject
Project("{FAE04EC0-301F-11D3-BF4B-00C04F79EFBC}") = "дз задание 24", "дз задание 24\дз задание 24.csproj", "{9C0EEFC6-3F32-4496-87E4-F18BBB05A362}"
EndProject
Project("{FAE04EC0-301F-11D3-BF4B-00C04F79EFBC}") = "дз задание 25", "дз задание 25\дз задание 25.csproj", "{02FC028E-4F9A-4DE3-A61F-2D860F23C7CE}"
EndProject
Project("{FAE04EC0-301F-11D3-BF4B-00C04F79EFBC}") = "дз задание 26", "дз задание 26\дз задание 26.csproj", "{71FC8EF7-5820-4282-A352-4C9198DCF9F0}"
EndProject
Global
	GlobalSection(SolutionConfigurationPlatforms) = preSolution
		Debug|Any CPU = Debug|Any CPU
		Release|Any CPU = Release|Any CPU
	EndGlobalSection
	GlobalSection(ProjectConfigurationPlatforms) = postSolution
		{079CED63-423C-4455-B947-3DDC6EF1FA96}.Debug|Any CPU.ActiveCfg = Debug|Any CPU
		{079CED63-423C-4455-B947-3DDC6EF1FA96}.Debug|Any CPU.Build.0 = Debug|Any CPU
		{079CED63-423C-4455-B947-3DDC6EF1FA96}.Release|Any CPU.ActiveCfg = Release|Any CPU
		{079CED63-423C-4455-B947-3DDC6EF1FA96}.Release|Any CPU.Build.0 = Release|Any CPU
		{F38925FE-EF01-4401-82A6-C4CB5BB0E6C5}.Debug|Any CPU.ActiveCfg = Debug|Any CPU
		{F38925FE-EF01-4401-82A6-C4CB5BB0E6C5}.Debug|Any CPU.Build.0 = Debug|Any CPU
		{F38925FE-EF01-4401-82A6-C4CB5BB0E6C5}.Release|Any CPU.ActiveCfg = Release|Any CPU
		{F38925FE-EF01-4401-82A6-C4CB5BB0E6C5}.Release|Any CPU.Build.0 = Release|Any CPU
		{C5C31925-8076-4E3B-A727-0F843028FADF}.Debug|Any CPU.ActiveCfg = Debug|Any CPU
		{C5C31925-8076-4E3B-A727-0F843028FADF}.Debug|Any CPU.Build.0 = Debug|Any CPU
		{C5C31925-8076-4E3B-A727-0F843028FADF}.Release|Any CPU.ActiveCfg = Release|Any CPU
		{C5C31925-8076-4E3B-A727-0F843028FADF}.Release|Any CPU.Build.0 = Release|Any CPU
		{CB4CD8A4-21E7-4A82-AE91-2BC5006A81C9}.Debug|Any CPU.ActiveCfg = Debug|Any CPU
		{CB4CD8A4-21E7-4A82-AE91-2BC5006A81C9}.Debug|Any CPU.Build.0 = Debug|Any CPU
		{CB4CD8A4-21E7-4A82-AE91-2BC5006A81C9}.Release|Any CPU.ActiveCfg = Release|Any CPU
		{CB4CD8A4-21E7-4A82-AE91-2BC5006A81C9}.Release|Any CPU.Build.0 = Release|Any CPU
		{4BCD289C-6805-433E-8454-A6F10E6ADDBA}.Debug|Any CPU.ActiveCfg = Debug|Any CPU
		{4BCD289C-6805-433E-8454-A6F10E6ADDBA}.Debug|Any CPU.Build.0 = Debug|Any CPU
		{4BCD289C-6805-433E-8454-A6F10E6ADDBA}.Release|Any CPU.ActiveCfg = Release|Any CPU
		{4BCD289C-6805-433E-8454-A6F10E6ADDBA}.Release|Any CPU.Build.0 = Release|Any CPU
		{E97FE5EB-B36B-48E2-B145-2B037C412BDA}.Debug|Any CPU.ActiveCfg = Debug|Any CPU
		{E97FE5EB-B36B-48E2-B145-2B037C412BDA}.Debug|Any CPU.Build.0 = Debug|Any CPU
		{E97FE5EB-B36B-48E2-B145-2B037C412BDA}.Release|Any CPU.ActiveCfg = Release|Any CPU
		{E97FE5EB-B36B-48E2-B145-2B037C412BDA}.Release|Any CPU.Build.0 = Release|Any CPU
		{A3EDB0B4-D793-40D6-8F61-827E7A740D0F}.Debug|Any CPU.ActiveCfg = Debug|Any CPU
		{A3EDB0B4-D793-40D6-8F61-827E7A740D0F}.Debug|Any CPU.Build.0 = Debug|Any CPU
		{A3EDB0B4-D793-40D6-8F61-827E7A740D0F}.Release|Any CPU.ActiveCfg = Release|Any CPU
		{A3EDB0B4-D793-40D6-8F61-827E7A740D0F}.Release|Any CPU.Build.0 = Release|Any CPU
		{C3CE248C-59ED-4AD8-8581-A171661E79DD}.Debug|Any CPU.ActiveCfg = Debug|Any CPU
		{C3CE248C-59ED-4AD8-8581-A171661E79DD}.Debug|Any CPU.Build.0 = Debug|Any CPU
		{C3CE248C-59ED-4AD8-8581-A171661E79DD}.Release|Any CPU.ActiveCfg = Release|Any CPU
		{C3CE248C-59ED-4AD8-8581-A171661E79DD}.Release|Any CPU.Build.0 = Release|Any CPU
		{9ADEAE9C-2AAB-4607-9294-E61485B5F27B}.Debug|Any CPU.ActiveCfg = Debug|Any CPU
		{9ADEAE9C-2AAB-4607-9294-E61485B5F27B}.Debug|Any CPU.Build.0 = Debug|Any CPU
		{9ADEAE9C-2AAB-4607-9294-E61485B5F27B}.Release|Any CPU.ActiveCfg = Release|Any CPU
		{9ADEAE9C-2AAB-4607-9294-E61485B5F27B}.Release|Any CPU.Build.0 = Release|Any CPU
		{22724AD0-4C2E-4F95-B61F-B82F28FF73C5}.Debug|Any CPU.ActiveCfg = Debug|Any CPU
		{22724AD0-4C2E-4F95-B61F-B82F28FF73C5}.Debug|Any CPU.Build.0 = Debug|Any CPU
		{22724AD0-4C2E-4F95-B61F-B82F28FF73C5}.Release|Any CPU.ActiveCfg = Release|Any CPU
		{22724AD0-4C2E-4F95-B61F-B82F28FF73C5}.Release|Any CPU.Build.0 = Release|Any CPU
		{3870D895-0595-42EA-9257-8F38B9557FEF}.Debug|Any CPU.ActiveCfg = Debug|Any CPU
		{3870D895-0595-42EA-9257-8F38B9557FEF}.Debug|Any CPU.Build.0 = Debug|Any CPU
		{3870D895-0595-42EA-9257-8F38B9557FEF}.Release|Any CPU.ActiveCfg = Release|Any CPU
		{3870D895-0595-42EA-9257-8F38B9557FEF}.Release|Any CPU.Build.0 = Release|Any CPU
		{894958CD-6335-480B-A2E1-80349ECD34FA}.Debug|Any CPU.ActiveCfg = Debug|Any CPU
		{894958CD-6335-480B-A2E1-80349ECD34FA}.Debug|Any CPU.Build.0 = Debug|Any CPU
		{894958CD-6335-480B-A2E1-80349ECD34FA}.Release|Any CPU.ActiveCfg = Release|Any CPU
		{894958CD-6335-480B-A2E1-80349ECD34FA}.Release|Any CPU.Build.0 = Release|Any CPU
		{227020CB-2F87-4C96-8809-168733890F81}.Debug|Any CPU.ActiveCfg = Debug|Any CPU
		{227020CB-2F87-4C96-8809-168733890F81}.Debug|Any CPU.Build.0 = Debug|Any CPU
		{227020CB-2F87-4C96-8809-168733890F81}.Release|Any CPU.ActiveCfg = Release|Any CPU
		{227020CB-2F87-4C96-8809-168733890F81}.Release|Any CPU.Build.0 = Release|Any CPU
		{4D47B127-3570-4D80-A2A3-48F1E3ECC15C}.Debug|Any CPU.ActiveCfg = Debug|Any CPU
		{4D47B127-3570-4D80-A2A3-48F1E3ECC15C}.Debug|Any CPU.Build.0 = Debug|Any CPU
		{4D47B127-3570-4D80-A2A3-48F1E3ECC15C}.Release|Any CPU.ActiveCfg = Release|Any CPU
		{4D47B127-3570-4D80-A2A3-48F1E3ECC15C}.Release|Any CPU.Build.0 = Release|Any CPU
		{4D41C472-6AA0-48AA-B678-547CBD295EAA}.Debug|Any CPU.ActiveCfg = Debug|Any CPU
		{4D41C472-6AA0-48AA-B678-547CBD295EAA}.Debug|Any CPU.Build.0 = Debug|Any CPU
		{4D41C472-6AA0-48AA-B678-547CBD295EAA}.Release|Any CPU.ActiveCfg = Release|Any CPU
		{4D41C472-6AA0-48AA-B678-547CBD295EAA}.Release|Any CPU.Build.0 = Release|Any CPU
		{15425A7D-2598-4DBF-A757-9DA5D61CE1E0}.Debug|Any CPU.ActiveCfg = Debug|Any CPU
		{15425A7D-2598-4DBF-A757-9DA5D61CE1E0}.Debug|Any CPU.Build.0 = Debug|Any CPU
		{15425A7D-2598-4DBF-A757-9DA5D61CE1E0}.Release|Any CPU.ActiveCfg = Release|Any CPU
		{15425A7D-2598-4DBF-A757-9DA5D61CE1E0}.Release|Any CPU.Build.0 = Release|Any CPU
		{B0A45C81-2E06-4F5F-ACBA-FBEB34421B73}.Debug|Any CPU.ActiveCfg = Debug|Any CPU
		{B0A45C81-2E06-4F5F-ACBA-FBEB34421B73}.Debug|Any CPU.Build.0 = Debug|Any CPU
		{B0A45C81-2E06-4F5F-ACBA-FBEB34421B73}.Release|Any CPU.ActiveCfg = Release|Any CPU
		{B0A45C81-2E06-4F5F-ACBA-FBEB34421B73}.Release|Any CPU.Build.0 = Release|Any CPU
		{BAE2EEA8-8DC4-4B02-8B57-1DB8C780B841}.Debug|Any CPU.ActiveCfg = Debug|Any CPU
		{BAE2EEA8-8DC4-4B02-8B57-1DB8C780B841}.Debug|Any CPU.Build.0 = Debug|Any CPU
		{BAE2EEA8-8DC4-4B02-8B57-1DB8C780B841}.Release|Any CPU.ActiveCfg = Release|Any CPU
		{BAE2EEA8-8DC4-4B02-8B57-1DB8C780B841}.Release|Any CPU.Build.0 = Release|Any CPU
		{E9A08DF3-1F74-47EE-B912-06543114AD3C}.Debug|Any CPU.ActiveCfg = Debug|Any CPU
		{E9A08DF3-1F74-47EE-B912-06543114AD3C}.Debug|Any CPU.Build.0 = Debug|Any CPU
		{E9A08DF3-1F74-47EE-B912-06543114AD3C}.Release|Any CPU.ActiveCfg = Release|Any CPU
		{E9A08DF3-1F74-47EE-B912-06543114AD3C}.Release|Any CPU.Build.0 = Release|Any CPU
		{90702002-9F4D-45C1-BF80-739F8D652E99}.Debug|Any CPU.ActiveCfg = Debug|Any CPU
		{90702002-9F4D-45C1-BF80-739F8D652E99}.Debug|Any CPU.Build.0 = Debug|Any CPU
		{90702002-9F4D-45C1-BF80-739F8D652E99}.Release|Any CPU.ActiveCfg = Release|Any CPU
		{90702002-9F4D-45C1-BF80-739F8D652E99}.Release|Any CPU.Build.0 = Release|Any CPU
		{8FCE85E4-192B-4F11-86AE-ACF76BBD2B83}.Debug|Any CPU.ActiveCfg = Debug|Any CPU
		{8FCE85E4-192B-4F11-86AE-ACF76BBD2B83}.Debug|Any CPU.Build.0 = Debug|Any CPU
		{8FCE85E4-192B-4F11-86AE-ACF76BBD2B83}.Release|Any CPU.ActiveCfg = Release|Any CPU
		{8FCE85E4-192B-4F11-86AE-ACF76BBD2B83}.Release|Any CPU.Build.0 = Release|Any CPU
		{A7CA8E29-8B4D-4CC4-8260-555FCCB4C1D5}.Debug|Any CPU.ActiveCfg = Debug|Any CPU
		{A7CA8E29-8B4D-4CC4-8260-555FCCB4C1D5}.Debug|Any CPU.Build.0 = Debug|Any CPU
		{A7CA8E29-8B4D-4CC4-8260-555FCCB4C1D5}.Release|Any CPU.ActiveCfg = Release|Any CPU
		{A7CA8E29-8B4D-4CC4-8260-555FCCB4C1D5}.Release|Any CPU.Build.0 = Release|Any CPU
		{21D8572A-6722-48B5-B0A7-16C2E29A4CAA}.Debug|Any CPU.ActiveCfg = Debug|Any CPU
		{21D8572A-6722-48B5-B0A7-16C2E29A4CAA}.Debug|Any CPU.Build.0 = Debug|Any CPU
		{21D8572A-6722-48B5-B0A7-16C2E29A4CAA}.Release|Any CPU.ActiveCfg = Release|Any CPU
		{21D8572A-6722-48B5-B0A7-16C2E29A4CAA}.Release|Any CPU.Build.0 = Release|Any CPU
		{0F3BA1BC-DED2-4134-9869-A7F4E3281FE5}.Debug|Any CPU.ActiveCfg = Debug|Any CPU
		{0F3BA1BC-DED2-4134-9869-A7F4E3281FE5}.Debug|Any CPU.Build.0 = Debug|Any CPU
		{0F3BA1BC-DED2-4134-9869-A7F4E3281FE5}.Release|Any CPU.ActiveCfg = Release|Any CPU
		{0F3BA1BC-DED2-4134-9869-A7F4E3281FE5}.Release|Any CPU.Build.0 = Release|Any CPU
		{1DE1DAEB-DD2A-409D-926F-92E1B92441C7}.Debug|Any CPU.ActiveCfg = Debug|Any CPU
		{1DE1DAEB-DD2A-409D-926F-92E1B92441C7}.Debug|Any CPU.Build.0 = Debug|Any CPU
		{1DE1DAEB-DD2A-409D-926F-92E1B92441C7}.Release|Any CPU.ActiveCfg = Release|Any CPU
		{1DE1DAEB-DD2A-409D-926F-92E1B92441C7}.Release|Any CPU.Build.0 = Release|Any CPU
		{9C0EEFC6-3F32-4496-87E4-F18BBB05A362}.Debug|Any CPU.ActiveCfg = Debug|Any CPU
		{9C0EEFC6-3F32-4496-87E4-F18BBB05A362}.Debug|Any CPU.Build.0 = Debug|Any CPU
		{9C0EEFC6-3F32-4496-87E4-F18BBB05A362}.Release|Any CPU.ActiveCfg = Release|Any CPU
		{9C0EEFC6-3F32-4496-87E4-F18BBB05A362}.Release|Any CPU.Build.0 = Release|Any CPU
		{02FC028E-4F9A-4DE3-A61F-2D860F23C7CE}.Debug|Any CPU.ActiveCfg = Debug|Any CPU
		{02FC028E-4F9A-4DE3-A61F-2D860F23C7CE}.Debug|Any CPU.Build.0 = Debug|Any CPU
		{02FC028E-4F9A-4DE3-A61F-2D860F23C7CE}.Release|Any CPU.ActiveCfg = Release|Any CPU
		{02FC028E-4F9A-4DE3-A61F-2D860F23C7CE}.Release|Any CPU.Build.0 = Release|Any CPU
		{71FC8EF7-5820-4282-A352-4C9198DCF9F0}.Debug|Any CPU.ActiveCfg = Debug|Any CPU
		{71FC8EF7-5820-4282-A352-4C9198DCF9F0}.Debug|Any CPU.Build.0 = Debug|Any CPU
		{71FC8EF7-5820-4282-A352-4C9198DCF9F0}.Release|Any CPU.ActiveCfg = Release|Any CPU
		{71FC8EF7-5820-4282-A352-4C9198DCF9F0}.Release|Any CPU.Build.0 = Release|Any CPU
	EndGlobalSection
	GlobalSection(SolutionProperties) = preSolution
		HideSolutionNode = FALSE
	EndGlobalSection
	GlobalSection(ExtensibilityGlobals) = postSolution
		SolutionGuid = {BA0E7FEF-BB50-4DD3-9CD2-360024D90371}
	EndGlobalSection
EndGlobal
