
Microsoft Visual Studio Solution File, Format Version 12.00
# Visual Studio Version 16
VisualStudioVersion = 16.0.32802.440
MinimumVisualStudioVersion = 10.0.40219.1
Project("{9A19103F-16F7-4668-BE54-9A1E7A4F7556}") = "кр задание 1", "Задание 1\кр задание 1.csproj", "{079CED63-423C-4455-B947-3DDC6EF1FA96}"
EndProject
Project("{9A19103F-16F7-4668-BE54-9A1E7A4F7556}") = "кр задание 2", "Задание 2\кр задание 2.csproj", "{F38925FE-EF01-4401-82A6-C4CB5BB0E6C5}"
EndProject
Project("{9A19103F-16F7-4668-BE54-9A1E7A4F7556}") = "дз задание 1", "Решаю\дз задание 1.csproj", "{C5C31925-8076-4E3B-A727-0F843028FADF}"
EndProject
Project("{FAE04EC0-301F-11D3-BF4B-00C04F79EFBC}") = "дз задание 2", "дз задание 2\дз задание 2.csproj", "{CB4CD8A4-21E7-4A82-AE91-2BC5006A81C9}"
EndProject
Project("{FAE04EC0-301F-11D3-BF4B-00C04F79EFBC}") = "дз задание 3", "дз задание 3\дз задание 3.csproj", "{4BCD289C-6805-433E-8454-A6F10E6ADDBA}"
EndProject
Project("{FAE04EC0-301F-11D3-BF4B-00C04F79EFBC}") = "дз задание 4", "дз задание 4\дз задание 4.csproj", "{E97FE5EB-B36B-48E2-B145-2B037C412BDA}"
EndProject
Project("{FAE04EC0-301F-11D3-BF4B-00C04F79EFBC}") = "дз задание 5", "дз задание 5\дз задание 5.csproj", "{A3EDB0B4-D793-40D6-8F61-827E7A740D0F}"
EndProject
Project("{FAE04EC0-301F-11D3-BF4B-00C04F79EFBC}") = "дз задание 6", "дз задание 6\дз задание 6.csproj", "{C3CE248C-59ED-4AD8-8581-A171661E79DD}"
EndProject
Project("{FAE04EC0-301F-11D3-BF4B-00C04F79EFBC}") = "дз задание 7", "дз задание 7\дз задание 7.csproj", "{9ADEAE9C-2AAB-4607-9294-E61485B5F27B}"
EndProject
Global
	GlobalSection(SolutionConfigurationPlatforms) = preSolution
		Debug|Any CPU = Debug|Any CPU
		Release|Any CPU = Release|Any CPU
	EndGlobalSection
	GlobalSection(ProjectConfigurationPlatforms) = postSolution
		{079CED63-423C-4455-B947-3DDC6EF1FA96}.Debug|Any CPU.ActiveCfg = Debug|Any CPU
		{079CED63-423C-4455-B947-3DDC6EF1FA96}.Debug|Any CPU.Build.0 = Debug|Any CPU
		{079CED63-423C-4455-B947-3DDC6EF1FA96}.Release|Any CPU.ActiveCfg = Release|Any CPU
		{079CED63-423C-4455-B947-3DDC6EF1FA96}.Release|Any CPU.Build.0 = Release|Any CPU
		{F38925FE-EF01-4401-82A6-C4CB5BB0E6C5}.Debug|Any CPU.ActiveCfg = Debug|Any CPU
		{F38925FE-EF01-4401-82A6-C4CB5BB0E6C5}.Debug|Any CPU.Build.0 = Debug|Any CPU
		{F38925FE-EF01-4401-82A6-C4CB5BB0E6C5}.Release|Any CPU.ActiveCfg = Release|Any CPU
		{F38925FE-EF01-4401-82A6-C4CB5BB0E6C5}.Release|Any CPU.Build.0 = Release|Any CPU
		{C5C31925-8076-4E3B-A727-0F843028FADF}.Debug|Any CPU.ActiveCfg = Debug|Any CPU
		{C5C31925-8076-4E3B-A727-0F843028FADF}.Debug|Any CPU.Build.0 = Debug|Any CPU
		{C5C31925-8076-4E3B-A727-0F843028FADF}.Release|Any CPU.ActiveCfg = Release|Any CPU
		{C5C31925-8076-4E3B-A727-0F843028FADF}.Release|Any CPU.Build.0 = Release|Any CPU
		{CB4CD8A4-21E7-4A82-AE91-2BC5006A81C9}.Debug|Any CPU.ActiveCfg = Debug|Any CPU
		{CB4CD8A4-21E7-4A82-AE91-2BC5006A81C9}.Debug|Any CPU.Build.0 = Debug|Any CPU
		{CB4CD8A4-21E7-4A82-AE91-2BC5006A81C9}.Release|Any CPU.ActiveCfg = Release|Any CPU
		{CB4CD8A4-21E7-4A82-AE91-2BC5006A81C9}.Release|Any CPU.Build.0 = Release|Any CPU
		{4BCD289C-6805-433E-8454-A6F10E6ADDBA}.Debug|Any CPU.ActiveCfg = Debug|Any CPU
		{4BCD289C-6805-433E-8454-A6F10E6ADDBA}.Debug|Any CPU.Build.0 = Debug|Any CPU
		{4BCD289C-6805-433E-8454-A6F10E6ADDBA}.Release|Any CPU.ActiveCfg = Release|Any CPU
		{4BCD289C-6805-433E-8454-A6F10E6ADDBA}.Release|Any CPU.Build.0 = Release|Any CPU
		{E97FE5EB-B36B-48E2-B145-2B037C412BDA}.Debug|Any CPU.ActiveCfg = Debug|Any CPU
		{E97FE5EB-B36B-48E2-B145-2B037C412BDA}.Debug|Any CPU.Build.0 = Debug|Any CPU
		{E97FE5EB-B36B-48E2-B145-2B037C412BDA}.Release|Any CPU.ActiveCfg = Release|Any CPU
		{E97FE5EB-B36B-48E2-B145-2B037C412BDA}.Release|Any CPU.Build.0 = Release|Any CPU
		{A3EDB0B4-D793-40D6-8F61-827E7A740D0F}.Debug|Any CPU.ActiveCfg = Debug|Any CPU
		{A3EDB0B4-D793-40D6-8F61-827E7A740D0F}.Debug|Any CPU.Build.0 = Debug|Any CPU
		{A3EDB0B4-D793-40D6-8F61-827E7A740D0F}.Release|Any CPU.ActiveCfg = Release|Any CPU
		{A3EDB0B4-D793-40D6-8F61-827E7A740D0F}.Release|Any CPU.Build.0 = Release|Any CPU
		{C3CE248C-59ED-4AD8-8581-A171661E79DD}.Debug|Any CPU.ActiveCfg = Debug|Any CPU
		{C3CE248C-59ED-4AD8-8581-A171661E79DD}.Debug|Any CPU.Build.0 = Debug|Any CPU
		{C3CE248C-59ED-4AD8-8581-A171661E79DD}.Release|Any CPU.ActiveCfg = Release|Any CPU
		{C3CE248C-59ED-4AD8-8581-A171661E79DD}.Release|Any CPU.Build.0 = Release|Any CPU
		{9ADEAE9C-2AAB-4607-9294-E61485B5F27B}.Debug|Any CPU.ActiveCfg = Debug|Any CPU
		{9ADEAE9C-2AAB-4607-9294-E61485B5F27B}.Debug|Any CPU.Build.0 = Debug|Any CPU
		{9ADEAE9C-2AAB-4607-9294-E61485B5F27B}.Release|Any CPU.ActiveCfg = Release|Any CPU
		{9ADEAE9C-2AAB-4607-9294-E61485B5F27B}.Release|Any CPU.Build.0 = Release|Any CPU
	EndGlobalSection
	GlobalSection(SolutionProperties) = preSolution
		HideSolutionNode = FALSE
	EndGlobalSection
	GlobalSection(ExtensibilityGlobals) = postSolution
		SolutionGuid = {BA0E7FEF-BB50-4DD3-9CD2-360024D90371}
	EndGlobalSection
EndGlobal
